
Microsoft Visual Studio Solution File, Format Version 12.00
# Visual Studio Version 17
VisualStudioVersion = 17.0.31903.59
MinimumVisualStudioVersion = 10.0.40219.1
Project("{FAE04EC0-301F-11D3-BF4B-00C04F79EFBC}") = "studymate-backend", "studymate-backend\studymate-backend.csproj", "{6AFF1FF6-4BA5-4F35-910D-C9DC909F65B2}"
EndProject
Global
	GlobalSection(SolutionConfigurationPlatforms) = preSolution
		Build|Any CPU = Build|Any CPU
	EndGlobalSection
	GlobalSection(SolutionProperties) = preSolution
		HideSolutionNode = FALSE
	EndGlobalSection
	GlobalSection(ProjectConfigurationPlatforms) = postSolution
		{6AFF1FF6-4BA5-4F35-910D-C9DC909F65B2}.Build|Any CPU.ActiveCfg = Build|Any CPU
		{6AFF1FF6-4BA5-4F35-910D-C9DC909F65B2}.Build|Any CPU.Build.0 = Build|Any CPU
	EndGlobalSection
EndGlobal
