
Microsoft Visual Studio Solution File, Format Version 12.00
# Visual Studio Version 17
VisualStudioVersion = 17.5.002.0
MinimumVisualStudioVersion = 10.0.40219.1
Project("{9A19103F-16F7-4668-BE54-9A1E7A4F7556}") = "studymate-backend", "studymate-backend.csproj", "{6146B4E9-B242-4290-AF6E-0A8D43771813}"
EndProject
Global
	GlobalSection(SolutionConfigurationPlatforms) = preSolution
		Debug|Any CPU = Debug|Any CPU
		Release|Any CPU = Release|Any CPU
	EndGlobalSection
	GlobalSection(ProjectConfigurationPlatforms) = postSolution
		{6146B4E9-B242-4290-AF6E-0A8D43771813}.Debug|Any CPU.ActiveCfg = Debug|Any CPU
		{6146B4E9-B242-4290-AF6E-0A8D43771813}.Debug|Any CPU.Build.0 = Debug|Any CPU
		{6146B4E9-B242-4290-AF6E-0A8D43771813}.Release|Any CPU.ActiveCfg = Release|Any CPU
		{6146B4E9-B242-4290-AF6E-0A8D43771813}.Release|Any CPU.Build.0 = Release|Any CPU
	EndGlobalSection
	GlobalSection(SolutionProperties) = preSolution
		HideSolutionNode = FALSE
	EndGlobalSection
	GlobalSection(ExtensibilityGlobals) = postSolution
		SolutionGuid = {91FDC5CB-BD5C-4275-B836-272727E893A8}
	EndGlobalSection
EndGlobal
